
Microsoft Visual Studio Solution File, Format Version 12.00
# Visual Studio Version 16
VisualStudioVersion = 25.0.1706.2
MinimumVisualStudioVersion = 10.0.40219.1
Project("{FAE04EC0-301F-11D3-BF4B-00C04F79EFBC}") = "NCAA_Data_ASP.NET", "NCAA_Data_ASP.NET\NCAA_Data_ASP.NET.csproj", "{EB893635-E77F-4444-9F61-DA491374510F}"
EndProject
Global
	GlobalSection(SolutionConfigurationPlatforms) = preSolution
		Debug|Any CPU = Debug|Any CPU
		Release|Any CPU = Release|Any CPU
	EndGlobalSection
	GlobalSection(ProjectConfigurationPlatforms) = postSolution
		{EB893635-E77F-4444-9F61-DA491374510F}.Debug|Any CPU.ActiveCfg = Debug|Any CPU
		{EB893635-E77F-4444-9F61-DA491374510F}.Debug|Any CPU.Build.0 = Debug|Any CPU
		{EB893635-E77F-4444-9F61-DA491374510F}.Release|Any CPU.ActiveCfg = Release|Any CPU
		{EB893635-E77F-4444-9F61-DA491374510F}.Release|Any CPU.Build.0 = Release|Any CPU
	EndGlobalSection
	GlobalSection(SolutionProperties) = preSolution
		HideSolutionNode = FALSE
	EndGlobalSection
	GlobalSection(ExtensibilityGlobals) = postSolution
		SolutionGuid = {D570C94C-8916-4A01-9221-8577E92A37D1}
	EndGlobalSection
EndGlobal
